
Microsoft Visual Studio Solution File, Format Version 12.00
# Visual Studio Version 17
VisualStudioVersion = 17.14.36414.22 d17.14
MinimumVisualStudioVersion = 10.0.40219.1
Project("{FAE04EC0-301F-11D3-BF4B-00C04F79EFBC}") = "HW3", "hw3\HW3.csproj", "{3A461B16-6457-4DC0-8139-FDD0E44023F8}"
EndProject
Global
	GlobalSection(SolutionConfigurationPlatforms) = preSolution
		Debug|Any CPU = Debug|Any CPU
		Release|Any CPU = Release|Any CPU
	EndGlobalSection
	GlobalSection(ProjectConfigurationPlatforms) = postSolution
		{3A461B16-6457-4DC0-8139-FDD0E44023F8}.Debug|Any CPU.ActiveCfg = Debug|Any CPU
		{3A461B16-6457-4DC0-8139-FDD0E44023F8}.Debug|Any CPU.Build.0 = Debug|Any CPU
		{3A461B16-6457-4DC0-8139-FDD0E44023F8}.Release|Any CPU.ActiveCfg = Release|Any CPU
		{3A461B16-6457-4DC0-8139-FDD0E44023F8}.Release|Any CPU.Build.0 = Release|Any CPU
	EndGlobalSection
	GlobalSection(SolutionProperties) = preSolution
		HideSolutionNode = FALSE
	EndGlobalSection
	GlobalSection(ExtensibilityGlobals) = postSolution
		SolutionGuid = {FDB9BBE2-4D2F-43CF-B9FC-D24960838A12}
	EndGlobalSection
EndGlobal
